// !$*UTF8*$!
{
	archiveVersion = 1;
	classes = {
	};
	objectVersion = 46;
	objects = {

/* Begin PBXBuildFile section */
		4BE7E8781E80A42A008DA888 /* AppDelegate.swift in Sources */ = {isa = PBXBuildFile; fileRef = 4BE7E8771E80A42A008DA888 /* AppDelegate.swift */; };
		4BE7E87A1E80A42A008DA888 /* ViewController.swift in Sources */ = {isa = PBXBuildFile; fileRef = 4BE7E8791E80A42A008DA888 /* ViewController.swift */; };
		4BE7E87D1E80A42A008DA888 /* Main.storyboard in Resources */ = {isa = PBXBuildFile; fileRef = 4BE7E87B1E80A42A008DA888 /* Main.storyboard */; };
		4BE7E87F1E80A42A008DA888 /* Assets.xcassets in Resources */ = {isa = PBXBuildFile; fileRef = 4BE7E87E1E80A42A008DA888 /* Assets.xcassets */; };
		4BE7E8821E80A42A008DA888 /* LaunchScreen.storyboard in Resources */ = {isa = PBXBuildFile; fileRef = 4BE7E8801E80A42A008DA888 /* LaunchScreen.storyboard */; };
		4BE7E88A1E80A78A008DA888 /* WeatherModel.swift in Sources */ = {isa = PBXBuildFile; fileRef = 4BE7E8891E80A78A008DA888 /* WeatherModel.swift */; };
/* End PBXBuildFile section */

/* Begin PBXFileReference section */
		4BE7E8741E80A42A008DA888 /* Forecast.app */ = {isa = PBXFileReference; explicitFileType = wrapper.application; includeInIndex = 0; path = Forecast.app; sourceTree = BUILT_PRODUCTS_DIR; };
		4BE7E8771E80A42A008DA888 /* AppDelegate.swift */ = {isa = PBXFileReference; lastKnownFileType = sourcecode.swift; path = AppDelegate.swift; sourceTree = "<group>"; };
		4BE7E8791E80A42A008DA888 /* ViewController.swift */ = {isa = PBXFileReference; lastKnownFileType = sourcecode.swift; path = ViewController.swift; sourceTree = "<group>"; };
		4BE7E87C1E80A42A008DA888 /* Base */ = {isa = PBXFileReference; lastKnownFileType = file.storyboard; name = Base; path = Base.lproj/Main.storyboard; sourceTree = "<group>"; };
		4BE7E87E1E80A42A008DA888 /* Assets.xcassets */ = {isa = PBXFileReference; lastKnownFileType = folder.assetcatalog; path = Assets.xcassets; sourceTree = "<group>"; };
		4BE7E8811E80A42A008DA888 /* Base */ = {isa = PBXFileReference; lastKnownFileType = file.storyboard; name = Base; path = Base.lproj/LaunchScreen.storyboard; sourceTree = "<group>"; };
		4BE7E8831E80A42A008DA888 /* Info.plist */ = {isa = PBXFileReference; lastKnownFileType = text.plist.xml; path = Info.plist; sourceTree = "<group>"; };
		4BE7E8891E80A78A008DA888 /* WeatherModel.swift */ = {isa = PBXFileReference; fileEncoding = 4; lastKnownFileType = sourcecode.swift; path = WeatherModel.swift; sourceTree = "<group>"; };
/* End PBXFileReference section */

/* Begin PBXFrameworksBuildPhase section */
		4BE7E8711E80A42A008DA888 /* Frameworks */ = {
			isa = PBXFrameworksBuildPhase;
			buildActionMask = 2147483647;
			files = (
			);
			runOnlyForDeploymentPostprocessing = 0;
		};
/* End PBXFrameworksBuildPhase section */

/* Begin PBXGroup section */
		4BE7E86B1E80A429008DA888 = {
			isa = PBXGroup;
			children = (
				4BE7E8761E80A42A008DA888 /* Forecast */,
				4BE7E8751E80A42A008DA888 /* Products */,
			);
			sourceTree = "<group>";
		};
		4BE7E8751E80A42A008DA888 /* Products */ = {
			isa = PBXGroup;
			children = (
				4BE7E8741E80A42A008DA888 /* Forecast.app */,
			);
			name = Products;
			sourceTree = "<group>";
		};
		4BE7E8761E80A42A008DA888 /* Forecast */ = {
			isa = PBXGroup;
			children = (
				4BE7E8771E80A42A008DA888 /* AppDelegate.swift */,
				4BE7E8791E80A42A008DA888 /* ViewController.swift */,
				4BE7E8891E80A78A008DA888 /* WeatherModel.swift */,
				4BE7E87B1E80A42A008DA888 /* Main.storyboard */,
				4BE7E87E1E80A42A008DA888 /* Assets.xcassets */,
				4BE7E8801E80A42A008DA888 /* LaunchScreen.storyboard */,
				4BE7E8831E80A42A008DA888 /* Info.plist */,
			);
			path = Forecast;
			sourceTree = "<group>";
		};
/* End PBXGroup section */

/* Begin PBXNativeTarget section */
		4BE7E8731E80A42A008DA888 /* Forecast */ = {
			isa = PBXNativeTarget;
			buildConfigurationList = 4BE7E8861E80A42A008DA888 /* Build configuration list for PBXNativeTarget "Forecast" */;
			buildPhases = (
				4BE7E8701E80A42A008DA888 /* Sources */,
				4BE7E8711E80A42A008DA888 /* Frameworks */,
				4BE7E8721E80A42A008DA888 /* Resources */,
			);
			buildRules = (
			);
			dependencies = (
			);
			name = Forecast;
			productName = Forecast;
			productReference = 4BE7E8741E80A42A008DA888 /* Forecast.app */;
			productType = "com.apple.product-type.application";
		};
/* End PBXNativeTarget section */

/* Begin PBXProject section */
		4BE7E86C1E80A429008DA888 /* Project object */ = {
			isa = PBXProject;
			attributes = {
				LastSwiftUpdateCheck = 0820;
				LastUpgradeCheck = 0820;
				ORGANIZATIONNAME = "Shane Empie";
				TargetAttributes = {
					4BE7E8731E80A42A008DA888 = {
						CreatedOnToolsVersion = 8.2.1;
						DevelopmentTeam = 9N6M5Y8VH3;
						ProvisioningStyle = Automatic;
					};
				};
			};
			buildConfigurationList = 4BE7E86F1E80A429008DA888 /* Build configuration list for PBXProject "Forecast" */;
			compatibilityVersion = "Xcode 3.2";
			developmentRegion = English;
			hasScannedForEncodings = 0;
			knownRegions = (
				en,
				Base,
			);
			mainGroup = 4BE7E86B1E80A429008DA888;
			productRefGroup = 4BE7E8751E80A42A008DA888 /* Products */;
			projectDirPath = "";
			projectRoot = "";
			targets = (
				4BE7E8731E80A42A008DA888 /* Forecast */,
			);
		};
/* End PBXProject section */

/* Begin PBXResourcesBuildPhase section */
		4BE7E8721E80A42A008DA888 /* Resources */ = {
			isa = PBXResourcesBuildPhase;
			buildActionMask = 2147483647;
			files = (
				4BE7E8821E80A42A008DA888 /* LaunchScreen.storyboard in Resources */,
				4BE7E87F1E80A42A008DA888 /* Assets.xcassets in Resources */,
				4BE7E87D1E80A42A008DA888 /* Main.storyboard in Resources */,
			);
			runOnlyForDeploymentPostprocessing = 0;
		};
/* End PBXResourcesBuildPhase section */

/* Begin PBXSourcesBuildPhase section */
		4BE7E8701E80A42A008DA888 /* Sources */ = {
			isa = PBXSourcesBuildPhase;
			buildActionMask = 2147483647;
			files = (
				4BE7E87A1E80A42A008DA888 /* ViewController.swift in Sources */,
				4BE7E88A1E80A78A008DA888 /* WeatherModel.swift in Sources */,
				4BE7E8781E80A42A008DA888 /* AppDelegate.swift in Sources */,
			);
			runOnlyForDeploymentPostprocessing = 0;
		};
/* End PBXSourcesBuildPhase section */

/* Begin PBXVariantGroup section */
		4BE7E87B1E80A42A008DA888 /* Main.storyboard */ = {
			isa = PBXVariantGroup;
			children = (
				4BE7E87C1E80A42A008DA888 /* Base */,
			);
			name = Main.storyboard;
			sourceTree = "<group>";
		};
		4BE7E8801E80A42A008DA888 /* LaunchScreen.storyboard */ = {
			isa = PBXVariantGroup;
			children = (
				4BE7E8811E80A42A008DA888 /* Base */,
			);
			name = LaunchScreen.storyboard;
			sourceTree = "<group>";
		};
/* End PBXVariantGroup section */

/* Begin XCBuildConfiguration section */
		4BE7E8841E80A42A008DA888 /* Debug */ = {
			isa = XCBuildConfiguration;
			buildSettings = {
				ALWAYS_SEARCH_USER_PATHS = NO;
				CLANG_ANALYZER_NONNULL = YES;
				CLANG_CXX_LANGUAGE_STANDARD = "gnu++0x";
				CLANG_CXX_LIBRARY = "libc++";
				CLANG_ENABLE_MODULES = YES;
				CLANG_ENABLE_OBJC_ARC = YES;
				CLANG_WARN_BOOL_CONVERSION = YES;
				CLANG_WARN_CONSTANT_CONVERSION = YES;
				CLANG_WARN_DIRECT_OBJC_ISA_USAGE = YES_ERROR;
				CLANG_WARN_DOCUMENTATION_COMMENTS = YES;
				CLANG_WARN_EMPTY_BODY = YES;
				CLANG_WARN_ENUM_CONVERSION = YES;
				CLANG_WARN_INFINITE_RECURSION = YES;
				CLANG_WARN_INT_CONVERSION = YES;
				CLANG_WARN_OBJC_ROOT_CLASS = YES_ERROR;
				CLANG_WARN_SUSPICIOUS_MOVE = YES;
				CLANG_WARN_UNREACHABLE_CODE = YES;
				CLANG_WARN__DUPLICATE_METHOD_MATCH = YES;
				"CODE_SIGN_IDENTITY[sdk=iphoneos*]" = "iPhone Developer";
				COPY_PHASE_STRIP = NO;
				DEBUG_INFORMATION_FORMAT = dwarf;
				ENABLE_STRICT_OBJC_MSGSEND = YES;
				ENABLE_TESTABILITY = YES;
				GCC_C_LANGUAGE_STANDARD = gnu99;
				GCC_DYNAMIC_NO_PIC = NO;
				GCC_NO_COMMON_BLOCKS = YES;
				GCC_OPTIMIZATION_LEVEL = 0;
				GCC_PREPROCESSOR_DEFINITIONS = (
					"DEBUG=1",
					"$(inherited)",
				);
				GCC_WARN_64_TO_32_BIT_CONVERSION = YES;
				GCC_WARN_ABOUT_RETURN_TYPE = YES_ERROR;
				GCC_WARN_UNDECLARED_SELECTOR = YES;
				GCC_WARN_UNINITIALIZED_AUTOS = YES_AGGRESSIVE;
				GCC_WARN_UNUSED_FUNCTION = YES;
				GCC_WARN_UNUSED_VARIABLE = YES;
				IPHONEOS_DEPLOYMENT_TARGET = 10.2;
				MTL_ENABLE_DEBUG_INFO = YES;
				ONLY_ACTIVE_ARCH = YES;
				SDKROOT = iphoneos;
				SWIFT_ACTIVE_COMPILATION_CONDITIONS = DEBUG;
				SWIFT_OPTIMIZATION_LEVEL = "-Onone";
				TARGETED_DEVICE_FAMILY = "1,2";
			};
			name = Debug;
		};
		4BE7E8851E80A42A008DA888 /* Release */ = {
			isa = XCBuildConfiguration;
			buildSettings = {
				ALWAYS_SEARCH_USER_PATHS = NO;
				CLANG_ANALYZER_NONNULL = YES;
				CLANG_CXX_LANGUAGE_STANDARD = "gnu++0x";
				CLANG_CXX_LIBRARY = "libc++";
				CLANG_ENABLE_MODULES = YES;
				CLANG_ENABLE_OBJC_ARC = YES;
				CLANG_WARN_BOOL_CONVERSION = YES;
				CLANG_WARN_CONSTANT_CONVERSION = YES;
				CLANG_WARN_DIRECT_OBJC_ISA_USAGE = YES_ERROR;
				CLANG_WARN_DOCUMENTATION_COMMENTS = YES;
				CLANG_WARN_EMPTY_BODY = YES;
				CLANG_WARN_ENUM_CONVERSION = YES;
				CLANG_WARN_INFINITE_RECURSION = YES;
				CLANG_WARN_INT_CONVERSION = YES;
				CLANG_WARN_OBJC_ROOT_CLASS = YES_ERROR;
				CLANG_WARN_SUSPICIOUS_MOVE = YES;
				CLANG_WARN_UNREACHABLE_CODE = YES;
				CLANG_WARN__DUPLICATE_METHOD_MATCH = YES;
				"CODE_SIGN_IDENTITY[sdk=iphoneos*]" = "iPhone Developer";
				COPY_PHASE_STRIP = NO;
				DEBUG_INFORMATION_FORMAT = "dwarf-with-dsym";
				ENABLE_NS_ASSERTIONS = NO;
				ENABLE_STRICT_OBJC_MSGSEND = YES;
				GCC_C_LANGUAGE_STANDARD = gnu99;
				GCC_NO_COMMON_BLOCKS = YES;
				GCC_WARN_64_TO_32_BIT_CONVERSION = YES;
				GCC_WARN_ABOUT_RETURN_TYPE = YES_ERROR;
				GCC_WARN_UNDECLARED_SELECTOR = YES;
				GCC_WARN_UNINITIALIZED_AUTOS = YES_AGGRESSIVE;
				GCC_WARN_UNUSED_FUNCTION = YES;
				GCC_WARN_UNUSED_VARIABLE = YES;
				IPHONEOS_DEPLOYMENT_TARGET = 10.2;
				MTL_ENABLE_DEBUG_INFO = NO;
				SDKROOT = iphoneos;
				SWIFT_OPTIMIZATION_LEVEL = "-Owholemodule";
				TARGETED_DEVICE_FAMILY = "1,2";
				VALIDATE_PRODUCT = YES;
			};
			name = Release;
		};
		4BE7E8871E80A42A008DA888 /* Debug */ = {
			isa = XCBuildConfiguration;
			buildSettings = {
				ASSETCATALOG_COMPILER_APPICON_NAME = AppIcon;
				DEVELOPMENT_TEAM = 9N6M5Y8VH3;
				INFOPLIST_FILE = Forecast/Info.plist;
				LD_RUNPATH_SEARCH_PATHS = "$(inherited) @executable_path/Frameworks";
				PRODUCT_BUNDLE_IDENTIFIER = wccnet.edu.sempie.Forecast;
				PRODUCT_NAME = "$(TARGET_NAME)";
				SWIFT_VERSION = 3.0;
			};
			name = Debug;
		};
		4BE7E8881E80A42A008DA888 /* Release */ = {
			isa = XCBuildConfiguration;
			buildSettings = {
				ASSETCATALOG_COMPILER_APPICON_NAME = AppIcon;
				DEVELOPMENT_TEAM = 9N6M5Y8VH3;
				INFOPLIST_FILE = Forecast/Info.plist;
				LD_RUNPATH_SEARCH_PATHS = "$(inherited) @executable_path/Frameworks";
				PRODUCT_BUNDLE_IDENTIFIER = wccnet.edu.sempie.Forecast;
				PRODUCT_NAME = "$(TARGET_NAME)";
				SWIFT_VERSION = 3.0;
			};
			name = Release;
		};
/* End XCBuildConfiguration section */

/* Begin XCConfigurationList section */
		4BE7E86F1E80A429008DA888 /* Build configuration list for PBXProject "Forecast" */ = {
			isa = XCConfigurationList;
			buildConfigurations = (
				4BE7E8841E80A42A008DA888 /* Debug */,
				4BE7E8851E80A42A008DA888 /* Release */,
			);
			defaultConfigurationIsVisible = 0;
			defaultConfigurationName = Release;
		};
		4BE7E8861E80A42A008DA888 /* Build configuration list for PBXNativeTarget "Forecast" */ = {
			isa = XCConfigurationList;
			buildConfigurations = (
				4BE7E8871E80A42A008DA888 /* Debug */,
				4BE7E8881E80A42A008DA888 /* Release */,
			);
			defaultConfigurationIsVisible = 0;
		};
/* End XCConfigurationList section */
	};
	rootObject = 4BE7E86C1E80A429008DA888 /* Project object */;
}
